<?xml version="1.0" encoding="UTF-8"?>
<CodeBlocks_project_file>
	<FileVersion major="1" minor="6"/>
	<Project>
		<Option title="NESEmulator"/>
		<Option makefile_is_custom="1"/>
		<Option compiler="gcc"/>
		<Option virtualFolders="CMake Files\;"/>
		<Build>
			<Target title="all">
				<Option working_dir="/Users/sammyalhashemi/CLionProjects/NESEmulator"/>
				<Option type="4"/>
				<MakeCommands>
					<Build command="/usr/bin/make -j4 -f &quot;/Users/sammyalhashemi/CLionProjects/NESEmulator/Makefile&quot;  VERBOSE=1 all"/>
					<CompileFile command="/usr/bin/make -j4 -f &quot;/Users/sammyalhashemi/CLionProjects/NESEmulator/Makefile&quot;  VERBOSE=1 &quot;$file&quot;"/>
					<Clean command="/usr/bin/make -j4 -f &quot;/Users/sammyalhashemi/CLionProjects/NESEmulator/Makefile&quot;  VERBOSE=1 clean"/>
					<DistClean command="/usr/bin/make -j4 -f &quot;/Users/sammyalhashemi/CLionProjects/NESEmulator/Makefile&quot;  VERBOSE=1 clean"/>
				</MakeCommands>
			</Target>
			<Target title="rebuild_cache">
				<Option working_dir="/Users/sammyalhashemi/CLionProjects/NESEmulator"/>
				<Option type="4"/>
				<MakeCommands>
					<Build command="/usr/bin/make -j4 -f &quot;/Users/sammyalhashemi/CLionProjects/NESEmulator/Makefile&quot;  VERBOSE=1 rebuild_cache"/>
					<CompileFile command="/usr/bin/make -j4 -f &quot;/Users/sammyalhashemi/CLionProjects/NESEmulator/Makefile&quot;  VERBOSE=1 &quot;$file&quot;"/>
					<Clean command="/usr/bin/make -j4 -f &quot;/Users/sammyalhashemi/CLionProjects/NESEmulator/Makefile&quot;  VERBOSE=1 clean"/>
					<DistClean command="/usr/bin/make -j4 -f &quot;/Users/sammyalhashemi/CLionProjects/NESEmulator/Makefile&quot;  VERBOSE=1 clean"/>
				</MakeCommands>
			</Target>
			<Target title="edit_cache">
				<Option working_dir="/Users/sammyalhashemi/CLionProjects/NESEmulator"/>
				<Option type="4"/>
				<MakeCommands>
					<Build command="/usr/bin/make -j4 -f &quot;/Users/sammyalhashemi/CLionProjects/NESEmulator/Makefile&quot;  VERBOSE=1 edit_cache"/>
					<CompileFile command="/usr/bin/make -j4 -f &quot;/Users/sammyalhashemi/CLionProjects/NESEmulator/Makefile&quot;  VERBOSE=1 &quot;$file&quot;"/>
					<Clean command="/usr/bin/make -j4 -f &quot;/Users/sammyalhashemi/CLionProjects/NESEmulator/Makefile&quot;  VERBOSE=1 clean"/>
					<DistClean command="/usr/bin/make -j4 -f &quot;/Users/sammyalhashemi/CLionProjects/NESEmulator/Makefile&quot;  VERBOSE=1 clean"/>
				</MakeCommands>
			</Target>
			<Target title="NESEmulator">
				<Option output="/Users/sammyalhashemi/CLionProjects/NESEmulator/NESEmulator" prefix_auto="0" extension_auto="0"/>
				<Option working_dir="/Users/sammyalhashemi/CLionProjects/NESEmulator"/>
				<Option object_output="./"/>
				<Option type="1"/>
				<Option compiler="gcc"/>
				<Compiler>
					<Add directory="/Applications/Xcode.app/Contents/Developer/Toolchains/XcodeDefault.xctoolchain/usr/bin/../include/c++/v1"/>
					<Add directory="/usr/local/include"/>
					<Add directory="/Applications/Xcode.app/Contents/Developer/Toolchains/XcodeDefault.xctoolchain/usr/lib/clang/11.0.0/include"/>
					<Add directory="/Applications/Xcode.app/Contents/Developer/Toolchains/XcodeDefault.xctoolchain/usr/include"/>
					<Add directory="/System/Library/Frameworks"/>
					<Add directory="/Library/Frameworks"/>
				</Compiler>
				<MakeCommands>
					<Build command="/usr/bin/make -j4 -f &quot;/Users/sammyalhashemi/CLionProjects/NESEmulator/Makefile&quot;  VERBOSE=1 NESEmulator"/>
					<CompileFile command="/usr/bin/make -j4 -f &quot;/Users/sammyalhashemi/CLionProjects/NESEmulator/Makefile&quot;  VERBOSE=1 &quot;$file&quot;"/>
					<Clean command="/usr/bin/make -j4 -f &quot;/Users/sammyalhashemi/CLionProjects/NESEmulator/Makefile&quot;  VERBOSE=1 clean"/>
					<DistClean command="/usr/bin/make -j4 -f &quot;/Users/sammyalhashemi/CLionProjects/NESEmulator/Makefile&quot;  VERBOSE=1 clean"/>
				</MakeCommands>
			</Target>
			<Target title="NESEmulator/fast">
				<Option output="/Users/sammyalhashemi/CLionProjects/NESEmulator/NESEmulator" prefix_auto="0" extension_auto="0"/>
				<Option working_dir="/Users/sammyalhashemi/CLionProjects/NESEmulator"/>
				<Option object_output="./"/>
				<Option type="1"/>
				<Option compiler="gcc"/>
				<Compiler>
					<Add directory="/Applications/Xcode.app/Contents/Developer/Toolchains/XcodeDefault.xctoolchain/usr/bin/../include/c++/v1"/>
					<Add directory="/usr/local/include"/>
					<Add directory="/Applications/Xcode.app/Contents/Developer/Toolchains/XcodeDefault.xctoolchain/usr/lib/clang/11.0.0/include"/>
					<Add directory="/Applications/Xcode.app/Contents/Developer/Toolchains/XcodeDefault.xctoolchain/usr/include"/>
					<Add directory="/System/Library/Frameworks"/>
					<Add directory="/Library/Frameworks"/>
				</Compiler>
				<MakeCommands>
					<Build command="/usr/bin/make -j4 -f &quot;/Users/sammyalhashemi/CLionProjects/NESEmulator/Makefile&quot;  VERBOSE=1 NESEmulator/fast"/>
					<CompileFile command="/usr/bin/make -j4 -f &quot;/Users/sammyalhashemi/CLionProjects/NESEmulator/Makefile&quot;  VERBOSE=1 &quot;$file&quot;"/>
					<Clean command="/usr/bin/make -j4 -f &quot;/Users/sammyalhashemi/CLionProjects/NESEmulator/Makefile&quot;  VERBOSE=1 clean"/>
					<DistClean command="/usr/bin/make -j4 -f &quot;/Users/sammyalhashemi/CLionProjects/NESEmulator/Makefile&quot;  VERBOSE=1 clean"/>
				</MakeCommands>
			</Target>
		</Build>
		<Unit filename="/Users/sammyalhashemi/CLionProjects/NESEmulator/Bus.cpp">
			<Option target="NESEmulator"/>
		</Unit>
		<Unit filename="/Users/sammyalhashemi/CLionProjects/NESEmulator/Bus.h">
			<Option target="NESEmulator"/>
		</Unit>
		<Unit filename="/Users/sammyalhashemi/CLionProjects/NESEmulator/CPU.cpp">
			<Option target="NESEmulator"/>
		</Unit>
		<Unit filename="/Users/sammyalhashemi/CLionProjects/NESEmulator/CPU.h">
			<Option target="NESEmulator"/>
		</Unit>
		<Unit filename="/Users/sammyalhashemi/CLionProjects/NESEmulator/armTDI.cpp">
			<Option target="NESEmulator"/>
		</Unit>
		<Unit filename="/Users/sammyalhashemi/CLionProjects/NESEmulator/armTDI.h">
			<Option target="NESEmulator"/>
		</Unit>
		<Unit filename="/Users/sammyalhashemi/CLionProjects/NESEmulator/main.cpp">
			<Option target="NESEmulator"/>
		</Unit>
		<Unit filename="/Users/sammyalhashemi/CLionProjects/NESEmulator/CMakeLists.txt">
			<Option virtualFolder="CMake Files\"/>
		</Unit>
	</Project>
</CodeBlocks_project_file>
